{
  "originHash" : "b528f25aa44a347d61d36ff83f765bb7a7d76b8ca292d952b02acbb587791bb1",
  "pins" : [
    {
      "identity" : "ansi",
      "kind" : "remoteSourceControl",
      "location" : "https://github.com/leviouwendijk/ANSI.git",
      "state" : {
        "branch" : "master",
        "revision" : "073d9ca7870b688a312608acf14eae6ba052c0d6"
      }
    },
    {
      "identity" : "arguments",
      "kind" : "remoteSourceControl",
      "location" : "https://github.com/leviouwendijk/Arguments.git",
      "state" : {
        "branch" : "master",
        "revision" : "a4317bd7d254b68f66a63f54d159a87f157b3a0e"
      }
    },
    {
      "identity" : "difference",
      "kind" : "remoteSourceControl",
      "location" : "https://github.com/leviouwendijk/Difference.git",
      "state" : {
        "branch" : "master",
        "revision" : "ca0f33316fcf56ace04f1f5a1bb178667a291abc"
      }
    },
    {
      "identity" : "primitives",
      "kind" : "remoteSourceControl",
      "location" : "https://github.com/leviouwendijk/Primitives.git",
      "state" : {
        "branch" : "master",
        "revision" : "881303e1aaf46e1ed8e74571f09e36a02e9550a9"
      }
    },
    {
      "identity" : "strings",
      "kind" : "remoteSourceControl",
      "location" : "https://github.com/leviouwendijk/Strings",
      "state" : {
        "branch" : "master",
        "revision" : "86a939d7bbb3e25808f88fbcedcee4069a5a5ae1"
      }
    },
    {
      "identity" : "terminal",
      "kind" : "remoteSourceControl",
      "location" : "https://github.com/leviouwendijk/Terminal.git",
      "state" : {
        "branch" : "master",
        "revision" : "0a55bdc55ce07514cf9dc772edef4fa27cbdb2d6"
      }
    },
    {
      "identity" : "testflows",
      "kind" : "remoteSourceControl",
      "location" : "https://github.com/leviouwendijk/TestFlows.git",
      "state" : {
        "branch" : "master",
        "revision" : "ef72deb44f924372959189d0c258c5cf7e2ba8ae"
      }
    }
  ],
  "version" : 3
}
